// !$*UTF8*$!
{
	archiveVersion = 1;
	classes = {
	};
	objectVersion = 50;
	objects = {

/* Begin PBXBuildFile section */
		2349FD5B261E4F6900A1FEAA /* CodingChallengeApp.swift in Sources */ = {isa = PBXBuildFile; fileRef = 2349FD5A261E4F6900A1FEAA /* CodingChallengeApp.swift */; };
		2349FD5F261E4F6A00A1FEAA /* Assets.xcassets in Resources */ = {isa = PBXBuildFile; fileRef = 2349FD5E261E4F6A00A1FEAA /* Assets.xcassets */; };
		2349FD62261E4F6A00A1FEAA /* Preview Assets.xcassets in Resources */ = {isa = PBXBuildFile; fileRef = 2349FD61261E4F6A00A1FEAA /* Preview Assets.xcassets */; };
		2349FD78261E4F6A00A1FEAA /* CodingChallengeUITests.swift in Sources */ = {isa = PBXBuildFile; fileRef = 2349FD77261E4F6A00A1FEAA /* CodingChallengeUITests.swift */; };
		2349FD89261E4F9900A1FEAA /* ShiftsListView.swift in Sources */ = {isa = PBXBuildFile; fileRef = 2349FD88261E4F9900A1FEAA /* ShiftsListView.swift */; };
		75B91E8E2955EFA8004AC54A /* ShiftsListViewModel.swift in Sources */ = {isa = PBXBuildFile; fileRef = 75B91E8D2955EFA8004AC54A /* ShiftsListViewModel.swift */; };
		75B91E902955EFB2004AC54A /* ShiftsListInteractor.swift in Sources */ = {isa = PBXBuildFile; fileRef = 75B91E8F2955EFB2004AC54A /* ShiftsListInteractor.swift */; };
		75B91E932955F159004AC54A /* ShiftsListViewModelTests.swift in Sources */ = {isa = PBXBuildFile; fileRef = 75B91E922955F159004AC54A /* ShiftsListViewModelTests.swift */; };
		75B91E9629562271004AC54A /* Request.swift in Sources */ = {isa = PBXBuildFile; fileRef = 75B91E9529562271004AC54A /* Request.swift */; };
		75B91E982956228D004AC54A /* APIClient.swift in Sources */ = {isa = PBXBuildFile; fileRef = 75B91E972956228D004AC54A /* APIClient.swift */; };
		75B91E9B29562712004AC54A /* Headers.swift in Sources */ = {isa = PBXBuildFile; fileRef = 75B91E9A29562712004AC54A /* Headers.swift */; };
		75B91EA3295628B8004AC54A /* HTTPMethod.swift in Sources */ = {isa = PBXBuildFile; fileRef = 75B91EA2295628B8004AC54A /* HTTPMethod.swift */; };
		75B91EA5295628C8004AC54A /* APIError.swift in Sources */ = {isa = PBXBuildFile; fileRef = 75B91EA4295628C8004AC54A /* APIError.swift */; };
		75B91EA729562D42004AC54A /* Session.swift in Sources */ = {isa = PBXBuildFile; fileRef = 75B91EA629562D42004AC54A /* Session.swift */; };
		75B91EAA29562DEC004AC54A /* APIClientTests.swift in Sources */ = {isa = PBXBuildFile; fileRef = 75B91EA929562DEC004AC54A /* APIClientTests.swift */; };
		75B91EB029564923004AC54A /* ShiftsListService.swift in Sources */ = {isa = PBXBuildFile; fileRef = 75B91EAF29564923004AC54A /* ShiftsListService.swift */; };
		75B91EB329564940004AC54A /* ShiftsForDateDTO.swift in Sources */ = {isa = PBXBuildFile; fileRef = 75B91EB229564940004AC54A /* ShiftsForDateDTO.swift */; };
		75B91EB529564969004AC54A /* ShiftsForDateResponseDTO.swift in Sources */ = {isa = PBXBuildFile; fileRef = 75B91EB429564969004AC54A /* ShiftsForDateResponseDTO.swift */; };
		75B91EBA29564A0C004AC54A /* ShiftsForDatePresentable.swift in Sources */ = {isa = PBXBuildFile; fileRef = 75B91EB929564A0C004AC54A /* ShiftsForDatePresentable.swift */; };
		75B91EBD29564F9E004AC54A /* NetworkConfiguration.swift in Sources */ = {isa = PBXBuildFile; fileRef = 75B91EBC29564F9E004AC54A /* NetworkConfiguration.swift */; };
		75B91EBF29564FF6004AC54A /* ShiftsListServiceTests.swift in Sources */ = {isa = PBXBuildFile; fileRef = 75B91EBE29564FF6004AC54A /* ShiftsListServiceTests.swift */; };
		75B91EC129565B0C004AC54A /* Header.swift in Sources */ = {isa = PBXBuildFile; fileRef = 75B91EC029565B0C004AC54A /* Header.swift */; };
/* End PBXBuildFile section */

/* Begin PBXContainerItemProxy section */
		2349FD69261E4F6A00A1FEAA /* PBXContainerItemProxy */ = {
			isa = PBXContainerItemProxy;
			containerPortal = 2349FD4F261E4F6900A1FEAA /* Project object */;
			proxyType = 1;
			remoteGlobalIDString = 2349FD56261E4F6900A1FEAA;
			remoteInfo = CodingChallenge;
		};
		2349FD74261E4F6A00A1FEAA /* PBXContainerItemProxy */ = {
			isa = PBXContainerItemProxy;
			containerPortal = 2349FD4F261E4F6900A1FEAA /* Project object */;
			proxyType = 1;
			remoteGlobalIDString = 2349FD56261E4F6900A1FEAA;
			remoteInfo = CodingChallenge;
		};
/* End PBXContainerItemProxy section */

/* Begin PBXFileReference section */
		2349FD57261E4F6900A1FEAA /* CodingChallenge.app */ = {isa = PBXFileReference; explicitFileType = wrapper.application; includeInIndex = 0; path = CodingChallenge.app; sourceTree = BUILT_PRODUCTS_DIR; };
		2349FD5A261E4F6900A1FEAA /* CodingChallengeApp.swift */ = {isa = PBXFileReference; lastKnownFileType = sourcecode.swift; path = CodingChallengeApp.swift; sourceTree = "<group>"; };
		2349FD5E261E4F6A00A1FEAA /* Assets.xcassets */ = {isa = PBXFileReference; lastKnownFileType = folder.assetcatalog; path = Assets.xcassets; sourceTree = "<group>"; };
		2349FD61261E4F6A00A1FEAA /* Preview Assets.xcassets */ = {isa = PBXFileReference; lastKnownFileType = folder.assetcatalog; path = "Preview Assets.xcassets"; sourceTree = "<group>"; };
		2349FD63261E4F6A00A1FEAA /* Info.plist */ = {isa = PBXFileReference; lastKnownFileType = text.plist.xml; path = Info.plist; sourceTree = "<group>"; };
		2349FD68261E4F6A00A1FEAA /* CodingChallengeTests.xctest */ = {isa = PBXFileReference; explicitFileType = wrapper.cfbundle; includeInIndex = 0; path = CodingChallengeTests.xctest; sourceTree = BUILT_PRODUCTS_DIR; };
		2349FD6E261E4F6A00A1FEAA /* Info.plist */ = {isa = PBXFileReference; lastKnownFileType = text.plist.xml; path = Info.plist; sourceTree = "<group>"; };
		2349FD73261E4F6A00A1FEAA /* CodingChallengeUITests.xctest */ = {isa = PBXFileReference; explicitFileType = wrapper.cfbundle; includeInIndex = 0; path = CodingChallengeUITests.xctest; sourceTree = BUILT_PRODUCTS_DIR; };
		2349FD77261E4F6A00A1FEAA /* CodingChallengeUITests.swift */ = {isa = PBXFileReference; lastKnownFileType = sourcecode.swift; path = CodingChallengeUITests.swift; sourceTree = "<group>"; };
		2349FD79261E4F6A00A1FEAA /* Info.plist */ = {isa = PBXFileReference; lastKnownFileType = text.plist.xml; path = Info.plist; sourceTree = "<group>"; };
		2349FD88261E4F9900A1FEAA /* ShiftsListView.swift */ = {isa = PBXFileReference; lastKnownFileType = sourcecode.swift; path = ShiftsListView.swift; sourceTree = "<group>"; };
		75B91E8D2955EFA8004AC54A /* ShiftsListViewModel.swift */ = {isa = PBXFileReference; lastKnownFileType = sourcecode.swift; path = ShiftsListViewModel.swift; sourceTree = "<group>"; };
		75B91E8F2955EFB2004AC54A /* ShiftsListInteractor.swift */ = {isa = PBXFileReference; lastKnownFileType = sourcecode.swift; path = ShiftsListInteractor.swift; sourceTree = "<group>"; };
		75B91E922955F159004AC54A /* ShiftsListViewModelTests.swift */ = {isa = PBXFileReference; lastKnownFileType = sourcecode.swift; path = ShiftsListViewModelTests.swift; sourceTree = "<group>"; };
		75B91E9529562271004AC54A /* Request.swift */ = {isa = PBXFileReference; lastKnownFileType = sourcecode.swift; path = Request.swift; sourceTree = "<group>"; };
		75B91E972956228D004AC54A /* APIClient.swift */ = {isa = PBXFileReference; lastKnownFileType = sourcecode.swift; path = APIClient.swift; sourceTree = "<group>"; };
		75B91E9A29562712004AC54A /* Headers.swift */ = {isa = PBXFileReference; lastKnownFileType = sourcecode.swift; path = Headers.swift; sourceTree = "<group>"; };
		75B91EA2295628B8004AC54A /* HTTPMethod.swift */ = {isa = PBXFileReference; lastKnownFileType = sourcecode.swift; path = HTTPMethod.swift; sourceTree = "<group>"; };
		75B91EA4295628C8004AC54A /* APIError.swift */ = {isa = PBXFileReference; lastKnownFileType = sourcecode.swift; path = APIError.swift; sourceTree = "<group>"; };
		75B91EA629562D42004AC54A /* Session.swift */ = {isa = PBXFileReference; lastKnownFileType = sourcecode.swift; path = Session.swift; sourceTree = "<group>"; };
		75B91EA929562DEC004AC54A /* APIClientTests.swift */ = {isa = PBXFileReference; lastKnownFileType = sourcecode.swift; path = APIClientTests.swift; sourceTree = "<group>"; };
		75B91EAF29564923004AC54A /* ShiftsListService.swift */ = {isa = PBXFileReference; lastKnownFileType = sourcecode.swift; path = ShiftsListService.swift; sourceTree = "<group>"; };
		75B91EB229564940004AC54A /* ShiftsForDateDTO.swift */ = {isa = PBXFileReference; lastKnownFileType = sourcecode.swift; path = ShiftsForDateDTO.swift; sourceTree = "<group>"; };
		75B91EB429564969004AC54A /* ShiftsForDateResponseDTO.swift */ = {isa = PBXFileReference; lastKnownFileType = sourcecode.swift; path = ShiftsForDateResponseDTO.swift; sourceTree = "<group>"; };
		75B91EB929564A0C004AC54A /* ShiftsForDatePresentable.swift */ = {isa = PBXFileReference; lastKnownFileType = sourcecode.swift; path = ShiftsForDatePresentable.swift; sourceTree = "<group>"; };
		75B91EBC29564F9E004AC54A /* NetworkConfiguration.swift */ = {isa = PBXFileReference; lastKnownFileType = sourcecode.swift; path = NetworkConfiguration.swift; sourceTree = "<group>"; };
		75B91EBE29564FF6004AC54A /* ShiftsListServiceTests.swift */ = {isa = PBXFileReference; lastKnownFileType = sourcecode.swift; path = ShiftsListServiceTests.swift; sourceTree = "<group>"; };
		75B91EC029565B0C004AC54A /* Header.swift */ = {isa = PBXFileReference; lastKnownFileType = sourcecode.swift; path = Header.swift; sourceTree = "<group>"; };
/* End PBXFileReference section */

/* Begin PBXFrameworksBuildPhase section */
		2349FD54261E4F6900A1FEAA /* Frameworks */ = {
			isa = PBXFrameworksBuildPhase;
			buildActionMask = 2147483647;
			files = (
			);
			runOnlyForDeploymentPostprocessing = 0;
		};
		2349FD65261E4F6A00A1FEAA /* Frameworks */ = {
			isa = PBXFrameworksBuildPhase;
			buildActionMask = 2147483647;
			files = (
			);
			runOnlyForDeploymentPostprocessing = 0;
		};
		2349FD70261E4F6A00A1FEAA /* Frameworks */ = {
			isa = PBXFrameworksBuildPhase;
			buildActionMask = 2147483647;
			files = (
			);
			runOnlyForDeploymentPostprocessing = 0;
		};
/* End PBXFrameworksBuildPhase section */

/* Begin PBXGroup section */
		2349FD4E261E4F6900A1FEAA = {
			isa = PBXGroup;
			children = (
				2349FD59261E4F6900A1FEAA /* CodingChallenge */,
				2349FD6B261E4F6A00A1FEAA /* CodingChallengeTests */,
				2349FD76261E4F6A00A1FEAA /* CodingChallengeUITests */,
				2349FD58261E4F6900A1FEAA /* Products */,
			);
			sourceTree = "<group>";
		};
		2349FD58261E4F6900A1FEAA /* Products */ = {
			isa = PBXGroup;
			children = (
				2349FD57261E4F6900A1FEAA /* CodingChallenge.app */,
				2349FD68261E4F6A00A1FEAA /* CodingChallengeTests.xctest */,
				2349FD73261E4F6A00A1FEAA /* CodingChallengeUITests.xctest */,
			);
			name = Products;
			sourceTree = "<group>";
		};
		2349FD59261E4F6900A1FEAA /* CodingChallenge */ = {
			isa = PBXGroup;
			children = (
				75B91EAD2956490E004AC54A /* UI */,
				75B91EAC29564902004AC54A /* Domain */,
				75B91EA029562884004AC54A /* Networking */,
				2349FD5A261E4F6900A1FEAA /* CodingChallengeApp.swift */,
				2349FD5E261E4F6A00A1FEAA /* Assets.xcassets */,
				2349FD63261E4F6A00A1FEAA /* Info.plist */,
				2349FD60261E4F6A00A1FEAA /* Preview Content */,
			);
			path = CodingChallenge;
			sourceTree = "<group>";
		};
		2349FD60261E4F6A00A1FEAA /* Preview Content */ = {
			isa = PBXGroup;
			children = (
				2349FD61261E4F6A00A1FEAA /* Preview Assets.xcassets */,
			);
			path = "Preview Content";
			sourceTree = "<group>";
		};
		2349FD6B261E4F6A00A1FEAA /* CodingChallengeTests */ = {
			isa = PBXGroup;
			children = (
				75B91E942955F15D004AC54A /* ShiftsList */,
				2349FD6E261E4F6A00A1FEAA /* Info.plist */,
			);
			path = CodingChallengeTests;
			sourceTree = "<group>";
		};
		2349FD76261E4F6A00A1FEAA /* CodingChallengeUITests */ = {
			isa = PBXGroup;
			children = (
				2349FD77261E4F6A00A1FEAA /* CodingChallengeUITests.swift */,
				2349FD79261E4F6A00A1FEAA /* Info.plist */,
			);
			path = CodingChallengeUITests;
			sourceTree = "<group>";
		};
		75B91E912955F01E004AC54A /* ShiftsList */ = {
			isa = PBXGroup;
			children = (
				75B91EB8295649F1004AC54A /* Interactor */,
				75B91EB7295649E8004AC54A /* ViewModel */,
				75B91EB6295649E0004AC54A /* View */,
			);
			path = ShiftsList;
			sourceTree = "<group>";
		};
		75B91E942955F15D004AC54A /* ShiftsList */ = {
			isa = PBXGroup;
			children = (
				75B91EA929562DEC004AC54A /* APIClientTests.swift */,
				75B91E922955F159004AC54A /* ShiftsListViewModelTests.swift */,
				75B91EBE29564FF6004AC54A /* ShiftsListServiceTests.swift */,
			);
			path = ShiftsList;
			sourceTree = "<group>";
		};
		75B91E992956270A004AC54A /* Headers */ = {
			isa = PBXGroup;
			children = (
				75B91E9A29562712004AC54A /* Headers.swift */,
				75B91EC029565B0C004AC54A /* Header.swift */,
			);
			path = Headers;
			sourceTree = "<group>";
		};
		75B91EA029562884004AC54A /* Networking */ = {
			isa = PBXGroup;
			children = (
				75B91EAB29564044004AC54A /* Client */,
				75B91EA1295628AF004AC54A /* Request */,
				75B91E992956270A004AC54A /* Headers */,
			);
			path = Networking;
			sourceTree = "<group>";
		};
		75B91EA1295628AF004AC54A /* Request */ = {
			isa = PBXGroup;
			children = (
				75B91E9529562271004AC54A /* Request.swift */,
				75B91EA2295628B8004AC54A /* HTTPMethod.swift */,
			);
			path = Request;
			sourceTree = "<group>";
		};
		75B91EAB29564044004AC54A /* Client */ = {
			isa = PBXGroup;
			children = (
				75B91E972956228D004AC54A /* APIClient.swift */,
				75B91EA4295628C8004AC54A /* APIError.swift */,
				75B91EA629562D42004AC54A /* Session.swift */,
				75B91EBC29564F9E004AC54A /* NetworkConfiguration.swift */,
			);
			path = Client;
			sourceTree = "<group>";
		};
		75B91EAC29564902004AC54A /* Domain */ = {
			isa = PBXGroup;
			children = (
				75B91EAE29564917004AC54A /* ShiftsList */,
			);
			path = Domain;
			sourceTree = "<group>";
		};
		75B91EAD2956490E004AC54A /* UI */ = {
			isa = PBXGroup;
			children = (
				75B91E912955F01E004AC54A /* ShiftsList */,
			);
			path = UI;
			sourceTree = "<group>";
		};
		75B91EAE29564917004AC54A /* ShiftsList */ = {
			isa = PBXGroup;
			children = (
				75B91EB129564938004AC54A /* DTO */,
				75B91EAF29564923004AC54A /* ShiftsListService.swift */,
			);
			path = ShiftsList;
			sourceTree = "<group>";
		};
		75B91EB129564938004AC54A /* DTO */ = {
			isa = PBXGroup;
			children = (
				75B91EB229564940004AC54A /* ShiftsForDateDTO.swift */,
				75B91EB429564969004AC54A /* ShiftsForDateResponseDTO.swift */,
			);
			path = DTO;
			sourceTree = "<group>";
		};
		75B91EB6295649E0004AC54A /* View */ = {
			isa = PBXGroup;
			children = (
				2349FD88261E4F9900A1FEAA /* ShiftsListView.swift */,
			);
			path = View;
			sourceTree = "<group>";
		};
		75B91EB7295649E8004AC54A /* ViewModel */ = {
			isa = PBXGroup;
			children = (
				75B91EBB29564A0E004AC54A /* Presentable */,
				75B91E8D2955EFA8004AC54A /* ShiftsListViewModel.swift */,
			);
			path = ViewModel;
			sourceTree = "<group>";
		};
		75B91EB8295649F1004AC54A /* Interactor */ = {
			isa = PBXGroup;
			children = (
				75B91E8F2955EFB2004AC54A /* ShiftsListInteractor.swift */,
			);
			path = Interactor;
			sourceTree = "<group>";
		};
		75B91EBB29564A0E004AC54A /* Presentable */ = {
			isa = PBXGroup;
			children = (
				75B91EB929564A0C004AC54A /* ShiftsForDatePresentable.swift */,
			);
			path = Presentable;
			sourceTree = "<group>";
		};
/* End PBXGroup section */

/* Begin PBXNativeTarget section */
		2349FD56261E4F6900A1FEAA /* CodingChallenge */ = {
			isa = PBXNativeTarget;
			buildConfigurationList = 2349FD7C261E4F6A00A1FEAA /* Build configuration list for PBXNativeTarget "CodingChallenge" */;
			buildPhases = (
				2349FD53261E4F6900A1FEAA /* Sources */,
				2349FD54261E4F6900A1FEAA /* Frameworks */,
				2349FD55261E4F6900A1FEAA /* Resources */,
			);
			buildRules = (
			);
			dependencies = (
			);
			name = CodingChallenge;
			productName = CodingChallenge;
			productReference = 2349FD57261E4F6900A1FEAA /* CodingChallenge.app */;
			productType = "com.apple.product-type.application";
		};
		2349FD67261E4F6A00A1FEAA /* CodingChallengeTests */ = {
			isa = PBXNativeTarget;
			buildConfigurationList = 2349FD7F261E4F6A00A1FEAA /* Build configuration list for PBXNativeTarget "CodingChallengeTests" */;
			buildPhases = (
				2349FD64261E4F6A00A1FEAA /* Sources */,
				2349FD65261E4F6A00A1FEAA /* Frameworks */,
				2349FD66261E4F6A00A1FEAA /* Resources */,
			);
			buildRules = (
			);
			dependencies = (
				2349FD6A261E4F6A00A1FEAA /* PBXTargetDependency */,
			);
			name = CodingChallengeTests;
			productName = CodingChallengeTests;
			productReference = 2349FD68261E4F6A00A1FEAA /* CodingChallengeTests.xctest */;
			productType = "com.apple.product-type.bundle.unit-test";
		};
		2349FD72261E4F6A00A1FEAA /* CodingChallengeUITests */ = {
			isa = PBXNativeTarget;
			buildConfigurationList = 2349FD82261E4F6A00A1FEAA /* Build configuration list for PBXNativeTarget "CodingChallengeUITests" */;
			buildPhases = (
				2349FD6F261E4F6A00A1FEAA /* Sources */,
				2349FD70261E4F6A00A1FEAA /* Frameworks */,
				2349FD71261E4F6A00A1FEAA /* Resources */,
			);
			buildRules = (
			);
			dependencies = (
				2349FD75261E4F6A00A1FEAA /* PBXTargetDependency */,
			);
			name = CodingChallengeUITests;
			productName = CodingChallengeUITests;
			productReference = 2349FD73261E4F6A00A1FEAA /* CodingChallengeUITests.xctest */;
			productType = "com.apple.product-type.bundle.ui-testing";
		};
/* End PBXNativeTarget section */

/* Begin PBXProject section */
		2349FD4F261E4F6900A1FEAA /* Project object */ = {
			isa = PBXProject;
			attributes = {
				LastSwiftUpdateCheck = 1240;
				LastUpgradeCheck = 1240;
				TargetAttributes = {
					2349FD56261E4F6900A1FEAA = {
						CreatedOnToolsVersion = 12.4;
					};
					2349FD67261E4F6A00A1FEAA = {
						CreatedOnToolsVersion = 12.4;
						TestTargetID = 2349FD56261E4F6900A1FEAA;
					};
					2349FD72261E4F6A00A1FEAA = {
						CreatedOnToolsVersion = 12.4;
						TestTargetID = 2349FD56261E4F6900A1FEAA;
					};
				};
			};
			buildConfigurationList = 2349FD52261E4F6900A1FEAA /* Build configuration list for PBXProject "CodingChallenge" */;
			compatibilityVersion = "Xcode 9.3";
			developmentRegion = en;
			hasScannedForEncodings = 0;
			knownRegions = (
				en,
				Base,
			);
			mainGroup = 2349FD4E261E4F6900A1FEAA;
			productRefGroup = 2349FD58261E4F6900A1FEAA /* Products */;
			projectDirPath = "";
			projectRoot = "";
			targets = (
				2349FD56261E4F6900A1FEAA /* CodingChallenge */,
				2349FD67261E4F6A00A1FEAA /* CodingChallengeTests */,
				2349FD72261E4F6A00A1FEAA /* CodingChallengeUITests */,
			);
		};
/* End PBXProject section */

/* Begin PBXResourcesBuildPhase section */
		2349FD55261E4F6900A1FEAA /* Resources */ = {
			isa = PBXResourcesBuildPhase;
			buildActionMask = 2147483647;
			files = (
				2349FD62261E4F6A00A1FEAA /* Preview Assets.xcassets in Resources */,
				2349FD5F261E4F6A00A1FEAA /* Assets.xcassets in Resources */,
			);
			runOnlyForDeploymentPostprocessing = 0;
		};
		2349FD66261E4F6A00A1FEAA /* Resources */ = {
			isa = PBXResourcesBuildPhase;
			buildActionMask = 2147483647;
			files = (
			);
			runOnlyForDeploymentPostprocessing = 0;
		};
		2349FD71261E4F6A00A1FEAA /* Resources */ = {
			isa = PBXResourcesBuildPhase;
			buildActionMask = 2147483647;
			files = (
			);
			runOnlyForDeploymentPostprocessing = 0;
		};
/* End PBXResourcesBuildPhase section */

/* Begin PBXSourcesBuildPhase section */
		2349FD53261E4F6900A1FEAA /* Sources */ = {
			isa = PBXSourcesBuildPhase;
			buildActionMask = 2147483647;
			files = (
				75B91EB529564969004AC54A /* ShiftsForDateResponseDTO.swift in Sources */,
				75B91E9629562271004AC54A /* Request.swift in Sources */,
				75B91E982956228D004AC54A /* APIClient.swift in Sources */,
				75B91E9B29562712004AC54A /* Headers.swift in Sources */,
				75B91EBA29564A0C004AC54A /* ShiftsForDatePresentable.swift in Sources */,
				75B91E8E2955EFA8004AC54A /* ShiftsListViewModel.swift in Sources */,
				75B91E902955EFB2004AC54A /* ShiftsListInteractor.swift in Sources */,
				75B91EBD29564F9E004AC54A /* NetworkConfiguration.swift in Sources */,
				2349FD89261E4F9900A1FEAA /* ShiftsListView.swift in Sources */,
				75B91EC129565B0C004AC54A /* Header.swift in Sources */,
				75B91EA729562D42004AC54A /* Session.swift in Sources */,
				75B91EB329564940004AC54A /* ShiftsForDateDTO.swift in Sources */,
				75B91EA3295628B8004AC54A /* HTTPMethod.swift in Sources */,
				75B91EB029564923004AC54A /* ShiftsListService.swift in Sources */,
				75B91EA5295628C8004AC54A /* APIError.swift in Sources */,
				2349FD5B261E4F6900A1FEAA /* CodingChallengeApp.swift in Sources */,
			);
			runOnlyForDeploymentPostprocessing = 0;
		};
		2349FD64261E4F6A00A1FEAA /* Sources */ = {
			isa = PBXSourcesBuildPhase;
			buildActionMask = 2147483647;
			files = (
				75B91E932955F159004AC54A /* ShiftsListViewModelTests.swift in Sources */,
				75B91EBF29564FF6004AC54A /* ShiftsListServiceTests.swift in Sources */,
				75B91EAA29562DEC004AC54A /* APIClientTests.swift in Sources */,
			);
			runOnlyForDeploymentPostprocessing = 0;
		};
		2349FD6F261E4F6A00A1FEAA /* Sources */ = {
			isa = PBXSourcesBuildPhase;
			buildActionMask = 2147483647;
			files = (
				2349FD78261E4F6A00A1FEAA /* CodingChallengeUITests.swift in Sources */,
			);
			runOnlyForDeploymentPostprocessing = 0;
		};
/* End PBXSourcesBuildPhase section */

/* Begin PBXTargetDependency section */
		2349FD6A261E4F6A00A1FEAA /* PBXTargetDependency */ = {
			isa = PBXTargetDependency;
			target = 2349FD56261E4F6900A1FEAA /* CodingChallenge */;
			targetProxy = 2349FD69261E4F6A00A1FEAA /* PBXContainerItemProxy */;
		};
		2349FD75261E4F6A00A1FEAA /* PBXTargetDependency */ = {
			isa = PBXTargetDependency;
			target = 2349FD56261E4F6900A1FEAA /* CodingChallenge */;
			targetProxy = 2349FD74261E4F6A00A1FEAA /* PBXContainerItemProxy */;
		};
/* End PBXTargetDependency section */

/* Begin XCBuildConfiguration section */
		2349FD7A261E4F6A00A1FEAA /* Debug */ = {
			isa = XCBuildConfiguration;
			buildSettings = {
				ALWAYS_SEARCH_USER_PATHS = NO;
				CLANG_ANALYZER_NONNULL = YES;
				CLANG_ANALYZER_NUMBER_OBJECT_CONVERSION = YES_AGGRESSIVE;
				CLANG_CXX_LANGUAGE_STANDARD = "gnu++14";
				CLANG_CXX_LIBRARY = "libc++";
				CLANG_ENABLE_MODULES = YES;
				CLANG_ENABLE_OBJC_ARC = YES;
				CLANG_ENABLE_OBJC_WEAK = YES;
				CLANG_WARN_BLOCK_CAPTURE_AUTORELEASING = YES;
				CLANG_WARN_BOOL_CONVERSION = YES;
				CLANG_WARN_COMMA = YES;
				CLANG_WARN_CONSTANT_CONVERSION = YES;
				CLANG_WARN_DEPRECATED_OBJC_IMPLEMENTATIONS = YES;
				CLANG_WARN_DIRECT_OBJC_ISA_USAGE = YES_ERROR;
				CLANG_WARN_DOCUMENTATION_COMMENTS = YES;
				CLANG_WARN_EMPTY_BODY = YES;
				CLANG_WARN_ENUM_CONVERSION = YES;
				CLANG_WARN_INFINITE_RECURSION = YES;
				CLANG_WARN_INT_CONVERSION = YES;
				CLANG_WARN_NON_LITERAL_NULL_CONVERSION = YES;
				CLANG_WARN_OBJC_IMPLICIT_RETAIN_SELF = YES;
				CLANG_WARN_OBJC_LITERAL_CONVERSION = YES;
				CLANG_WARN_OBJC_ROOT_CLASS = YES_ERROR;
				CLANG_WARN_QUOTED_INCLUDE_IN_FRAMEWORK_HEADER = YES;
				CLANG_WARN_RANGE_LOOP_ANALYSIS = YES;
				CLANG_WARN_STRICT_PROTOTYPES = YES;
				CLANG_WARN_SUSPICIOUS_MOVE = YES;
				CLANG_WARN_UNGUARDED_AVAILABILITY = YES_AGGRESSIVE;
				CLANG_WARN_UNREACHABLE_CODE = YES;
				CLANG_WARN__DUPLICATE_METHOD_MATCH = YES;
				COPY_PHASE_STRIP = NO;
				DEBUG_INFORMATION_FORMAT = dwarf;
				ENABLE_STRICT_OBJC_MSGSEND = YES;
				ENABLE_TESTABILITY = YES;
				GCC_C_LANGUAGE_STANDARD = gnu11;
				GCC_DYNAMIC_NO_PIC = NO;
				GCC_NO_COMMON_BLOCKS = YES;
				GCC_OPTIMIZATION_LEVEL = 0;
				GCC_PREPROCESSOR_DEFINITIONS = (
					"DEBUG=1",
					"$(inherited)",
				);
				GCC_WARN_64_TO_32_BIT_CONVERSION = YES;
				GCC_WARN_ABOUT_RETURN_TYPE = YES_ERROR;
				GCC_WARN_UNDECLARED_SELECTOR = YES;
				GCC_WARN_UNINITIALIZED_AUTOS = YES_AGGRESSIVE;
				GCC_WARN_UNUSED_FUNCTION = YES;
				GCC_WARN_UNUSED_VARIABLE = YES;
				IPHONEOS_DEPLOYMENT_TARGET = 14.0;
				MTL_ENABLE_DEBUG_INFO = INCLUDE_SOURCE;
				MTL_FAST_MATH = YES;
				ONLY_ACTIVE_ARCH = YES;
				SDKROOT = iphoneos;
				SWIFT_ACTIVE_COMPILATION_CONDITIONS = DEBUG;
				SWIFT_OPTIMIZATION_LEVEL = "-Onone";
			};
			name = Debug;
		};
		2349FD7B261E4F6A00A1FEAA /* Release */ = {
			isa = XCBuildConfiguration;
			buildSettings = {
				ALWAYS_SEARCH_USER_PATHS = NO;
				CLANG_ANALYZER_NONNULL = YES;
				CLANG_ANALYZER_NUMBER_OBJECT_CONVERSION = YES_AGGRESSIVE;
				CLANG_CXX_LANGUAGE_STANDARD = "gnu++14";
				CLANG_CXX_LIBRARY = "libc++";
				CLANG_ENABLE_MODULES = YES;
				CLANG_ENABLE_OBJC_ARC = YES;
				CLANG_ENABLE_OBJC_WEAK = YES;
				CLANG_WARN_BLOCK_CAPTURE_AUTORELEASING = YES;
				CLANG_WARN_BOOL_CONVERSION = YES;
				CLANG_WARN_COMMA = YES;
				CLANG_WARN_CONSTANT_CONVERSION = YES;
				CLANG_WARN_DEPRECATED_OBJC_IMPLEMENTATIONS = YES;
				CLANG_WARN_DIRECT_OBJC_ISA_USAGE = YES_ERROR;
				CLANG_WARN_DOCUMENTATION_COMMENTS = YES;
				CLANG_WARN_EMPTY_BODY = YES;
				CLANG_WARN_ENUM_CONVERSION = YES;
				CLANG_WARN_INFINITE_RECURSION = YES;
				CLANG_WARN_INT_CONVERSION = YES;
				CLANG_WARN_NON_LITERAL_NULL_CONVERSION = YES;
				CLANG_WARN_OBJC_IMPLICIT_RETAIN_SELF = YES;
				CLANG_WARN_OBJC_LITERAL_CONVERSION = YES;
				CLANG_WARN_OBJC_ROOT_CLASS = YES_ERROR;
				CLANG_WARN_QUOTED_INCLUDE_IN_FRAMEWORK_HEADER = YES;
				CLANG_WARN_RANGE_LOOP_ANALYSIS = YES;
				CLANG_WARN_STRICT_PROTOTYPES = YES;
				CLANG_WARN_SUSPICIOUS_MOVE = YES;
				CLANG_WARN_UNGUARDED_AVAILABILITY = YES_AGGRESSIVE;
				CLANG_WARN_UNREACHABLE_CODE = YES;
				CLANG_WARN__DUPLICATE_METHOD_MATCH = YES;
				COPY_PHASE_STRIP = NO;
				DEBUG_INFORMATION_FORMAT = "dwarf-with-dsym";
				ENABLE_NS_ASSERTIONS = NO;
				ENABLE_STRICT_OBJC_MSGSEND = YES;
				GCC_C_LANGUAGE_STANDARD = gnu11;
				GCC_NO_COMMON_BLOCKS = YES;
				GCC_WARN_64_TO_32_BIT_CONVERSION = YES;
				GCC_WARN_ABOUT_RETURN_TYPE = YES_ERROR;
				GCC_WARN_UNDECLARED_SELECTOR = YES;
				GCC_WARN_UNINITIALIZED_AUTOS = YES_AGGRESSIVE;
				GCC_WARN_UNUSED_FUNCTION = YES;
				GCC_WARN_UNUSED_VARIABLE = YES;
				IPHONEOS_DEPLOYMENT_TARGET = 14.0;
				MTL_ENABLE_DEBUG_INFO = NO;
				MTL_FAST_MATH = YES;
				SDKROOT = iphoneos;
				SWIFT_COMPILATION_MODE = wholemodule;
				SWIFT_OPTIMIZATION_LEVEL = "-O";
				VALIDATE_PRODUCT = YES;
			};
			name = Release;
		};
		2349FD7D261E4F6A00A1FEAA /* Debug */ = {
			isa = XCBuildConfiguration;
			buildSettings = {
				ASSETCATALOG_COMPILER_APPICON_NAME = AppIcon;
				ASSETCATALOG_COMPILER_GLOBAL_ACCENT_COLOR_NAME = AccentColor;
				CODE_SIGN_STYLE = Automatic;
				DEVELOPMENT_ASSET_PATHS = "\"CodingChallenge/Preview Content\"";
				DEVELOPMENT_TEAM = 7HRU3V63R2;
				ENABLE_PREVIEWS = YES;
				INFOPLIST_FILE = CodingChallenge/Info.plist;
				IPHONEOS_DEPLOYMENT_TARGET = 15.0;
				LD_RUNPATH_SEARCH_PATHS = (
					"$(inherited)",
					"@executable_path/Frameworks",
				);
				PRODUCT_BUNDLE_IDENTIFIER = shiftkey.CodingChallenge;
				PRODUCT_NAME = "$(TARGET_NAME)";
				SWIFT_VERSION = 5.0;
				TARGETED_DEVICE_FAMILY = "1,2";
			};
			name = Debug;
		};
		2349FD7E261E4F6A00A1FEAA /* Release */ = {
			isa = XCBuildConfiguration;
			buildSettings = {
				ASSETCATALOG_COMPILER_APPICON_NAME = AppIcon;
				ASSETCATALOG_COMPILER_GLOBAL_ACCENT_COLOR_NAME = AccentColor;
				CODE_SIGN_STYLE = Automatic;
				DEVELOPMENT_ASSET_PATHS = "\"CodingChallenge/Preview Content\"";
				DEVELOPMENT_TEAM = 7HRU3V63R2;
				ENABLE_PREVIEWS = YES;
				INFOPLIST_FILE = CodingChallenge/Info.plist;
				IPHONEOS_DEPLOYMENT_TARGET = 15.0;
				LD_RUNPATH_SEARCH_PATHS = (
					"$(inherited)",
					"@executable_path/Frameworks",
				);
				PRODUCT_BUNDLE_IDENTIFIER = shiftkey.CodingChallenge;
				PRODUCT_NAME = "$(TARGET_NAME)";
				SWIFT_VERSION = 5.0;
				TARGETED_DEVICE_FAMILY = "1,2";
			};
			name = Release;
		};
		2349FD80261E4F6A00A1FEAA /* Debug */ = {
			isa = XCBuildConfiguration;
			buildSettings = {
				ALWAYS_EMBED_SWIFT_STANDARD_LIBRARIES = YES;
				BUNDLE_LOADER = "$(TEST_HOST)";
				CODE_SIGN_STYLE = Automatic;
				DEVELOPMENT_TEAM = 7HRU3V63R2;
				INFOPLIST_FILE = CodingChallengeTests/Info.plist;
				IPHONEOS_DEPLOYMENT_TARGET = 15.0;
				LD_RUNPATH_SEARCH_PATHS = (
					"$(inherited)",
					"@executable_path/Frameworks",
					"@loader_path/Frameworks",
				);
				PRODUCT_BUNDLE_IDENTIFIER = shiftkey.CodingChallengeTests;
				PRODUCT_NAME = "$(TARGET_NAME)";
				SWIFT_VERSION = 5.0;
				TARGETED_DEVICE_FAMILY = "1,2";
				TEST_HOST = "$(BUILT_PRODUCTS_DIR)/CodingChallenge.app/CodingChallenge";
			};
			name = Debug;
		};
		2349FD81261E4F6A00A1FEAA /* Release */ = {
			isa = XCBuildConfiguration;
			buildSettings = {
				ALWAYS_EMBED_SWIFT_STANDARD_LIBRARIES = YES;
				BUNDLE_LOADER = "$(TEST_HOST)";
				CODE_SIGN_STYLE = Automatic;
				DEVELOPMENT_TEAM = 7HRU3V63R2;
				INFOPLIST_FILE = CodingChallengeTests/Info.plist;
				IPHONEOS_DEPLOYMENT_TARGET = 15.0;
				LD_RUNPATH_SEARCH_PATHS = (
					"$(inherited)",
					"@executable_path/Frameworks",
					"@loader_path/Frameworks",
				);
				PRODUCT_BUNDLE_IDENTIFIER = shiftkey.CodingChallengeTests;
				PRODUCT_NAME = "$(TARGET_NAME)";
				SWIFT_VERSION = 5.0;
				TARGETED_DEVICE_FAMILY = "1,2";
				TEST_HOST = "$(BUILT_PRODUCTS_DIR)/CodingChallenge.app/CodingChallenge";
			};
			name = Release;
		};
		2349FD83261E4F6A00A1FEAA /* Debug */ = {
			isa = XCBuildConfiguration;
			buildSettings = {
				ALWAYS_EMBED_SWIFT_STANDARD_LIBRARIES = YES;
				CODE_SIGN_STYLE = Automatic;
				DEVELOPMENT_TEAM = 7HRU3V63R2;
				INFOPLIST_FILE = CodingChallengeUITests/Info.plist;
				IPHONEOS_DEPLOYMENT_TARGET = 15.0;
				LD_RUNPATH_SEARCH_PATHS = (
					"$(inherited)",
					"@executable_path/Frameworks",
					"@loader_path/Frameworks",
				);
				PRODUCT_BUNDLE_IDENTIFIER = shiftkey.CodingChallengeUITests;
				PRODUCT_NAME = "$(TARGET_NAME)";
				SWIFT_VERSION = 5.0;
				TARGETED_DEVICE_FAMILY = "1,2";
				TEST_TARGET_NAME = CodingChallenge;
			};
			name = Debug;
		};
		2349FD84261E4F6A00A1FEAA /* Release */ = {
			isa = XCBuildConfiguration;
			buildSettings = {
				ALWAYS_EMBED_SWIFT_STANDARD_LIBRARIES = YES;
				CODE_SIGN_STYLE = Automatic;
				DEVELOPMENT_TEAM = 7HRU3V63R2;
				INFOPLIST_FILE = CodingChallengeUITests/Info.plist;
				IPHONEOS_DEPLOYMENT_TARGET = 15.0;
				LD_RUNPATH_SEARCH_PATHS = (
					"$(inherited)",
					"@executable_path/Frameworks",
					"@loader_path/Frameworks",
				);
				PRODUCT_BUNDLE_IDENTIFIER = shiftkey.CodingChallengeUITests;
				PRODUCT_NAME = "$(TARGET_NAME)";
				SWIFT_VERSION = 5.0;
				TARGETED_DEVICE_FAMILY = "1,2";
				TEST_TARGET_NAME = CodingChallenge;
			};
			name = Release;
		};
/* End XCBuildConfiguration section */

/* Begin XCConfigurationList section */
		2349FD52261E4F6900A1FEAA /* Build configuration list for PBXProject "CodingChallenge" */ = {
			isa = XCConfigurationList;
			buildConfigurations = (
				2349FD7A261E4F6A00A1FEAA /* Debug */,
				2349FD7B261E4F6A00A1FEAA /* Release */,
			);
			defaultConfigurationIsVisible = 0;
			defaultConfigurationName = Release;
		};
		2349FD7C261E4F6A00A1FEAA /* Build configuration list for PBXNativeTarget "CodingChallenge" */ = {
			isa = XCConfigurationList;
			buildConfigurations = (
				2349FD7D261E4F6A00A1FEAA /* Debug */,
				2349FD7E261E4F6A00A1FEAA /* Release */,
			);
			defaultConfigurationIsVisible = 0;
			defaultConfigurationName = Release;
		};
		2349FD7F261E4F6A00A1FEAA /* Build configuration list for PBXNativeTarget "CodingChallengeTests" */ = {
			isa = XCConfigurationList;
			buildConfigurations = (
				2349FD80261E4F6A00A1FEAA /* Debug */,
				2349FD81261E4F6A00A1FEAA /* Release */,
			);
			defaultConfigurationIsVisible = 0;
			defaultConfigurationName = Release;
		};
		2349FD82261E4F6A00A1FEAA /* Build configuration list for PBXNativeTarget "CodingChallengeUITests" */ = {
			isa = XCConfigurationList;
			buildConfigurations = (
				2349FD83261E4F6A00A1FEAA /* Debug */,
				2349FD84261E4F6A00A1FEAA /* Release */,
			);
			defaultConfigurationIsVisible = 0;
			defaultConfigurationName = Release;
		};
/* End XCConfigurationList section */
	};
	rootObject = 2349FD4F261E4F6900A1FEAA /* Project object */;
}
